
Microsoft Visual Studio Solution File, Format Version 12.00
# Visual Studio 14
VisualStudioVersion = 14.0.25420.1
MinimumVisualStudioVersion = 10.0.40219.1
Project("{FAE04EC0-301F-11D3-BF4B-00C04F79EFBC}") = "MazesAndMinotaurs.Core", "MazesAndMinotaurs.Core\MazesAndMinotaurs.Core.csproj", "{3A64591C-07D9-4B58-BDAA-DF6F112AE297}"
EndProject
Project("{FAE04EC0-301F-11D3-BF4B-00C04F79EFBC}") = "MazesAndMinotaurs.Test", "MazesAndMinotaurs.Test\MazesAndMinotaurs.Test.csproj", "{713F5586-9C57-43B6-A42B-E34B891D5C25}"
EndProject
Project("{FAE04EC0-301F-11D3-BF4B-00C04F79EFBC}") = "MazesAndMinotaurs.ConsoleTarget", "MazesAndMinotaurs.ConsoleTarget\MazesAndMinotaurs.ConsoleTarget.csproj", "{D3B0720E-32EA-40B5-A5AA-B60F26A10150}"
EndProject
Project("{FAE04EC0-301F-11D3-BF4B-00C04F79EFBC}") = "MazesAndMinotaurs.SfmlTarget", "MazesAndMinotaurs.SfmlTarget\MazesAndMinotaurs.SfmlTarget.csproj", "{C69BF3FB-F6FB-4FE7-9F27-B124AB4D0308}"
EndProject
Project("{FAE04EC0-301F-11D3-BF4B-00C04F79EFBC}") = "MazesAndMinotaurs.Ui", "MazesAndMinotaurs.Ui\MazesAndMinotaurs.Ui.csproj", "{2E51B805-176F-406D-A584-72FB925CB402}"
EndProject
Global
	GlobalSection(SolutionConfigurationPlatforms) = preSolution
		Debug|Any CPU = Debug|Any CPU
		Release|Any CPU = Release|Any CPU
	EndGlobalSection
	GlobalSection(ProjectConfigurationPlatforms) = postSolution
		{3A64591C-07D9-4B58-BDAA-DF6F112AE297}.Debug|Any CPU.ActiveCfg = Debug|Any CPU
		{3A64591C-07D9-4B58-BDAA-DF6F112AE297}.Debug|Any CPU.Build.0 = Debug|Any CPU
		{3A64591C-07D9-4B58-BDAA-DF6F112AE297}.Release|Any CPU.ActiveCfg = Release|Any CPU
		{3A64591C-07D9-4B58-BDAA-DF6F112AE297}.Release|Any CPU.Build.0 = Release|Any CPU
		{713F5586-9C57-43B6-A42B-E34B891D5C25}.Debug|Any CPU.ActiveCfg = Debug|Any CPU
		{713F5586-9C57-43B6-A42B-E34B891D5C25}.Debug|Any CPU.Build.0 = Debug|Any CPU
		{713F5586-9C57-43B6-A42B-E34B891D5C25}.Release|Any CPU.ActiveCfg = Release|Any CPU
		{713F5586-9C57-43B6-A42B-E34B891D5C25}.Release|Any CPU.Build.0 = Release|Any CPU
		{D3B0720E-32EA-40B5-A5AA-B60F26A10150}.Debug|Any CPU.ActiveCfg = Debug|Any CPU
		{D3B0720E-32EA-40B5-A5AA-B60F26A10150}.Debug|Any CPU.Build.0 = Debug|Any CPU
		{D3B0720E-32EA-40B5-A5AA-B60F26A10150}.Release|Any CPU.ActiveCfg = Release|Any CPU
		{D3B0720E-32EA-40B5-A5AA-B60F26A10150}.Release|Any CPU.Build.0 = Release|Any CPU
		{C69BF3FB-F6FB-4FE7-9F27-B124AB4D0308}.Debug|Any CPU.ActiveCfg = Debug|Any CPU
		{C69BF3FB-F6FB-4FE7-9F27-B124AB4D0308}.Debug|Any CPU.Build.0 = Debug|Any CPU
		{C69BF3FB-F6FB-4FE7-9F27-B124AB4D0308}.Release|Any CPU.ActiveCfg = Release|Any CPU
		{C69BF3FB-F6FB-4FE7-9F27-B124AB4D0308}.Release|Any CPU.Build.0 = Release|Any CPU
		{2E51B805-176F-406D-A584-72FB925CB402}.Debug|Any CPU.ActiveCfg = Debug|Any CPU
		{2E51B805-176F-406D-A584-72FB925CB402}.Debug|Any CPU.Build.0 = Debug|Any CPU
		{2E51B805-176F-406D-A584-72FB925CB402}.Release|Any CPU.ActiveCfg = Release|Any CPU
		{2E51B805-176F-406D-A584-72FB925CB402}.Release|Any CPU.Build.0 = Release|Any CPU
	EndGlobalSection
	GlobalSection(SolutionProperties) = preSolution
		HideSolutionNode = FALSE
	EndGlobalSection
EndGlobal
